
Microsoft Visual Studio Solution File, Format Version 12.00
# Visual Studio Version 17
VisualStudioVersion = 17.9.34728.123
MinimumVisualStudioVersion = 10.0.40219.1
Project("{FAE04EC0-301F-11D3-BF4B-00C04F79EFBC}") = "CharactersApp", "CharactersApp\CharactersApp.csproj", "{CE1194EE-C6CD-485A-88FA-B2E2902E6BD8}"
EndProject
Global
	GlobalSection(SolutionConfigurationPlatforms) = preSolution
		Debug|Any CPU = Debug|Any CPU
		Release|Any CPU = Release|Any CPU
	EndGlobalSection
	GlobalSection(ProjectConfigurationPlatforms) = postSolution
		{CE1194EE-C6CD-485A-88FA-B2E2902E6BD8}.Debug|Any CPU.ActiveCfg = Debug|Any CPU
		{CE1194EE-C6CD-485A-88FA-B2E2902E6BD8}.Debug|Any CPU.Build.0 = Debug|Any CPU
		{CE1194EE-C6CD-485A-88FA-B2E2902E6BD8}.Release|Any CPU.ActiveCfg = Release|Any CPU
		{CE1194EE-C6CD-485A-88FA-B2E2902E6BD8}.Release|Any CPU.Build.0 = Release|Any CPU
	EndGlobalSection
	GlobalSection(SolutionProperties) = preSolution
		HideSolutionNode = FALSE
	EndGlobalSection
	GlobalSection(ExtensibilityGlobals) = postSolution
		SolutionGuid = {991FF467-7D8B-4C0D-BE44-70D5EAACB25B}
	EndGlobalSection
EndGlobal
